// !$*UTF8*$!
{
	archiveVersion = 1;
	classes = {
	};
	objectVersion = 46;
	objects = {

/* Begin PBXBuildFile section */
		01024EC318E4EABB00F2B416 /* Foundation.framework in Frameworks */ = {isa = PBXBuildFile; fileRef = 01024EC218E4EABB00F2B416 /* Foundation.framework */; };
		01024EC518E4EABB00F2B416 /* CoreGraphics.framework in Frameworks */ = {isa = PBXBuildFile; fileRef = 01024EC418E4EABB00F2B416 /* CoreGraphics.framework */; };
		01024EC718E4EABB00F2B416 /* UIKit.framework in Frameworks */ = {isa = PBXBuildFile; fileRef = 01024EC618E4EABB00F2B416 /* UIKit.framework */; };
		01024ECD18E4EABB00F2B416 /* InfoPlist.strings in Resources */ = {isa = PBXBuildFile; fileRef = 01024ECB18E4EABB00F2B416 /* InfoPlist.strings */; };
		01024ECF18E4EABB00F2B416 /* main.m in Sources */ = {isa = PBXBuildFile; fileRef = 01024ECE18E4EABB00F2B416 /* main.m */; };
		01024ED318E4EABB00F2B416 /* AppDelegate.m in Sources */ = {isa = PBXBuildFile; fileRef = 01024ED218E4EABB00F2B416 /* AppDelegate.m */; };
		01024ED618E4EABB00F2B416 /* RootViewController.m in Sources */ = {isa = PBXBuildFile; fileRef = 01024ED518E4EABB00F2B416 /* RootViewController.m */; };
		01024ED918E4EABB00F2B416 /* DataViewController.m in Sources */ = {isa = PBXBuildFile; fileRef = 01024ED818E4EABB00F2B416 /* DataViewController.m */; };
		01024EDC18E4EABB00F2B416 /* ModelController.m in Sources */ = {isa = PBXBuildFile; fileRef = 01024EDB18E4EABB00F2B416 /* ModelController.m */; };
		01024EDF18E4EABB00F2B416 /* Main.storyboard in Resources */ = {isa = PBXBuildFile; fileRef = 01024EDD18E4EABB00F2B416 /* Main.storyboard */; };
		01024EE118E4EABB00F2B416 /* Images.xcassets in Resources */ = {isa = PBXBuildFile; fileRef = 01024EE018E4EABB00F2B416 /* Images.xcassets */; };
		01024EE818E4EABB00F2B416 /* XCTest.framework in Frameworks */ = {isa = PBXBuildFile; fileRef = 01024EE718E4EABB00F2B416 /* XCTest.framework */; };
		01024EE918E4EABB00F2B416 /* Foundation.framework in Frameworks */ = {isa = PBXBuildFile; fileRef = 01024EC218E4EABB00F2B416 /* Foundation.framework */; };
		01024EEA18E4EABB00F2B416 /* UIKit.framework in Frameworks */ = {isa = PBXBuildFile; fileRef = 01024EC618E4EABB00F2B416 /* UIKit.framework */; };
		01024EF218E4EABB00F2B416 /* InfoPlist.strings in Resources */ = {isa = PBXBuildFile; fileRef = 01024EF018E4EABB00F2B416 /* InfoPlist.strings */; };
		01024EF418E4EABB00F2B416 /* konashiSensorShieldTests.m in Sources */ = {isa = PBXBuildFile; fileRef = 01024EF318E4EABB00F2B416 /* konashiSensorShieldTests.m */; };
/* End PBXBuildFile section */

/* Begin PBXContainerItemProxy section */
		01024EEB18E4EABB00F2B416 /* PBXContainerItemProxy */ = {
			isa = PBXContainerItemProxy;
			containerPortal = 01024EB718E4EABB00F2B416 /* Project object */;
			proxyType = 1;
			remoteGlobalIDString = 01024EBE18E4EABB00F2B416;
			remoteInfo = konashiSensorShield;
		};
/* End PBXContainerItemProxy section */

/* Begin PBXFileReference section */
		01024EBF18E4EABB00F2B416 /* konashiSensorShield.app */ = {isa = PBXFileReference; explicitFileType = wrapper.application; includeInIndex = 0; path = konashiSensorShield.app; sourceTree = BUILT_PRODUCTS_DIR; };
		01024EC218E4EABB00F2B416 /* Foundation.framework */ = {isa = PBXFileReference; lastKnownFileType = wrapper.framework; name = Foundation.framework; path = System/Library/Frameworks/Foundation.framework; sourceTree = SDKROOT; };
		01024EC418E4EABB00F2B416 /* CoreGraphics.framework */ = {isa = PBXFileReference; lastKnownFileType = wrapper.framework; name = CoreGraphics.framework; path = System/Library/Frameworks/CoreGraphics.framework; sourceTree = SDKROOT; };
		01024EC618E4EABB00F2B416 /* UIKit.framework */ = {isa = PBXFileReference; lastKnownFileType = wrapper.framework; name = UIKit.framework; path = System/Library/Frameworks/UIKit.framework; sourceTree = SDKROOT; };
		01024ECA18E4EABB00F2B416 /* konashiSensorShield-Info.plist */ = {isa = PBXFileReference; lastKnownFileType = text.plist.xml; path = "konashiSensorShield-Info.plist"; sourceTree = "<group>"; };
		01024ECC18E4EABB00F2B416 /* en */ = {isa = PBXFileReference; lastKnownFileType = text.plist.strings; name = en; path = en.lproj/InfoPlist.strings; sourceTree = "<group>"; };
		01024ECE18E4EABB00F2B416 /* main.m */ = {isa = PBXFileReference; lastKnownFileType = sourcecode.c.objc; path = main.m; sourceTree = "<group>"; };
		01024ED018E4EABB00F2B416 /* konashiSensorShield-Prefix.pch */ = {isa = PBXFileReference; lastKnownFileType = sourcecode.c.h; path = "konashiSensorShield-Prefix.pch"; sourceTree = "<group>"; };
		01024ED118E4EABB00F2B416 /* AppDelegate.h */ = {isa = PBXFileReference; lastKnownFileType = sourcecode.c.h; path = AppDelegate.h; sourceTree = "<group>"; };
		01024ED218E4EABB00F2B416 /* AppDelegate.m */ = {isa = PBXFileReference; lastKnownFileType = sourcecode.c.objc; path = AppDelegate.m; sourceTree = "<group>"; };
		01024ED418E4EABB00F2B416 /* RootViewController.h */ = {isa = PBXFileReference; lastKnownFileType = sourcecode.c.h; path = RootViewController.h; sourceTree = "<group>"; };
		01024ED518E4EABB00F2B416 /* RootViewController.m */ = {isa = PBXFileReference; lastKnownFileType = sourcecode.c.objc; path = RootViewController.m; sourceTree = "<group>"; };
		01024ED718E4EABB00F2B416 /* DataViewController.h */ = {isa = PBXFileReference; lastKnownFileType = sourcecode.c.h; path = DataViewController.h; sourceTree = "<group>"; };
		01024ED818E4EABB00F2B416 /* DataViewController.m */ = {isa = PBXFileReference; lastKnownFileType = sourcecode.c.objc; path = DataViewController.m; sourceTree = "<group>"; };
		01024EDA18E4EABB00F2B416 /* ModelController.h */ = {isa = PBXFileReference; lastKnownFileType = sourcecode.c.h; path = ModelController.h; sourceTree = "<group>"; };
		01024EDB18E4EABB00F2B416 /* ModelController.m */ = {isa = PBXFileReference; lastKnownFileType = sourcecode.c.objc; path = ModelController.m; sourceTree = "<group>"; };
		01024EDE18E4EABB00F2B416 /* Base */ = {isa = PBXFileReference; lastKnownFileType = file.storyboard; name = Base; path = Base.lproj/Main.storyboard; sourceTree = "<group>"; };
		01024EE018E4EABB00F2B416 /* Images.xcassets */ = {isa = PBXFileReference; lastKnownFileType = folder.assetcatalog; path = Images.xcassets; sourceTree = "<group>"; };
		01024EE618E4EABB00F2B416 /* konashiSensorShieldTests.xctest */ = {isa = PBXFileReference; explicitFileType = wrapper.cfbundle; includeInIndex = 0; path = konashiSensorShieldTests.xctest; sourceTree = BUILT_PRODUCTS_DIR; };
		01024EE718E4EABB00F2B416 /* XCTest.framework */ = {isa = PBXFileReference; lastKnownFileType = wrapper.framework; name = XCTest.framework; path = Library/Frameworks/XCTest.framework; sourceTree = DEVELOPER_DIR; };
		01024EEF18E4EABB00F2B416 /* konashiSensorShieldTests-Info.plist */ = {isa = PBXFileReference; lastKnownFileType = text.plist.xml; path = "konashiSensorShieldTests-Info.plist"; sourceTree = "<group>"; };
		01024EF118E4EABB00F2B416 /* en */ = {isa = PBXFileReference; lastKnownFileType = text.plist.strings; name = en; path = en.lproj/InfoPlist.strings; sourceTree = "<group>"; };
		01024EF318E4EABB00F2B416 /* konashiSensorShieldTests.m */ = {isa = PBXFileReference; lastKnownFileType = sourcecode.c.objc; path = konashiSensorShieldTests.m; sourceTree = "<group>"; };
/* End PBXFileReference section */

/* Begin PBXFrameworksBuildPhase section */
		01024EBC18E4EABB00F2B416 /* Frameworks */ = {
			isa = PBXFrameworksBuildPhase;
			buildActionMask = 2147483647;
			files = (
				01024EC518E4EABB00F2B416 /* CoreGraphics.framework in Frameworks */,
				01024EC718E4EABB00F2B416 /* UIKit.framework in Frameworks */,
				01024EC318E4EABB00F2B416 /* Foundation.framework in Frameworks */,
			);
			runOnlyForDeploymentPostprocessing = 0;
		};
		01024EE318E4EABB00F2B416 /* Frameworks */ = {
			isa = PBXFrameworksBuildPhase;
			buildActionMask = 2147483647;
			files = (
				01024EE818E4EABB00F2B416 /* XCTest.framework in Frameworks */,
				01024EEA18E4EABB00F2B416 /* UIKit.framework in Frameworks */,
				01024EE918E4EABB00F2B416 /* Foundation.framework in Frameworks */,
			);
			runOnlyForDeploymentPostprocessing = 0;
		};
/* End PBXFrameworksBuildPhase section */

/* Begin PBXGroup section */
		01024EB618E4EABB00F2B416 = {
			isa = PBXGroup;
			children = (
				01024EC818E4EABB00F2B416 /* konashiSensorShield */,
				01024EED18E4EABB00F2B416 /* konashiSensorShieldTests */,
				01024EC118E4EABB00F2B416 /* Frameworks */,
				01024EC018E4EABB00F2B416 /* Products */,
			);
			sourceTree = "<group>";
		};
		01024EC018E4EABB00F2B416 /* Products */ = {
			isa = PBXGroup;
			children = (
				01024EBF18E4EABB00F2B416 /* konashiSensorShield.app */,
				01024EE618E4EABB00F2B416 /* konashiSensorShieldTests.xctest */,
			);
			name = Products;
			sourceTree = "<group>";
		};
		01024EC118E4EABB00F2B416 /* Frameworks */ = {
			isa = PBXGroup;
			children = (
				01024EC218E4EABB00F2B416 /* Foundation.framework */,
				01024EC418E4EABB00F2B416 /* CoreGraphics.framework */,
				01024EC618E4EABB00F2B416 /* UIKit.framework */,
				01024EE718E4EABB00F2B416 /* XCTest.framework */,
			);
			name = Frameworks;
			sourceTree = "<group>";
		};
		01024EC818E4EABB00F2B416 /* konashiSensorShield */ = {
			isa = PBXGroup;
			children = (
				01024ED118E4EABB00F2B416 /* AppDelegate.h */,
				01024ED218E4EABB00F2B416 /* AppDelegate.m */,
				01024ED418E4EABB00F2B416 /* RootViewController.h */,
				01024ED518E4EABB00F2B416 /* RootViewController.m */,
				01024ED718E4EABB00F2B416 /* DataViewController.h */,
				01024ED818E4EABB00F2B416 /* DataViewController.m */,
				01024EDA18E4EABB00F2B416 /* ModelController.h */,
				01024EDB18E4EABB00F2B416 /* ModelController.m */,
				01024EDD18E4EABB00F2B416 /* Main.storyboard */,
				01024EE018E4EABB00F2B416 /* Images.xcassets */,
				01024EC918E4EABB00F2B416 /* Supporting Files */,
			);
			path = konashiSensorShield;
			sourceTree = "<group>";
		};
		01024EC918E4EABB00F2B416 /* Supporting Files */ = {
			isa = PBXGroup;
			children = (
				01024ECA18E4EABB00F2B416 /* konashiSensorShield-Info.plist */,
				01024ECB18E4EABB00F2B416 /* InfoPlist.strings */,
				01024ECE18E4EABB00F2B416 /* main.m */,
				01024ED018E4EABB00F2B416 /* konashiSensorShield-Prefix.pch */,
			);
			name = "Supporting Files";
			sourceTree = "<group>";
		};
		01024EED18E4EABB00F2B416 /* konashiSensorShieldTests */ = {
			isa = PBXGroup;
			children = (
				01024EF318E4EABB00F2B416 /* konashiSensorShieldTests.m */,
				01024EEE18E4EABB00F2B416 /* Supporting Files */,
			);
			path = konashiSensorShieldTests;
			sourceTree = "<group>";
		};
		01024EEE18E4EABB00F2B416 /* Supporting Files */ = {
			isa = PBXGroup;
			children = (
				01024EEF18E4EABB00F2B416 /* konashiSensorShieldTests-Info.plist */,
				01024EF018E4EABB00F2B416 /* InfoPlist.strings */,
			);
			name = "Supporting Files";
			sourceTree = "<group>";
		};
/* End PBXGroup section */

/* Begin PBXNativeTarget section */
		01024EBE18E4EABB00F2B416 /* konashiSensorShield */ = {
			isa = PBXNativeTarget;
			buildConfigurationList = 01024EF718E4EABB00F2B416 /* Build configuration list for PBXNativeTarget "konashiSensorShield" */;
			buildPhases = (
				01024EBB18E4EABB00F2B416 /* Sources */,
				01024EBC18E4EABB00F2B416 /* Frameworks */,
				01024EBD18E4EABB00F2B416 /* Resources */,
			);
			buildRules = (
			);
			dependencies = (
			);
			name = konashiSensorShield;
			productName = konashiSensorShield;
			productReference = 01024EBF18E4EABB00F2B416 /* konashiSensorShield.app */;
			productType = "com.apple.product-type.application";
		};
		01024EE518E4EABB00F2B416 /* konashiSensorShieldTests */ = {
			isa = PBXNativeTarget;
			buildConfigurationList = 01024EFA18E4EABB00F2B416 /* Build configuration list for PBXNativeTarget "konashiSensorShieldTests" */;
			buildPhases = (
				01024EE218E4EABB00F2B416 /* Sources */,
				01024EE318E4EABB00F2B416 /* Frameworks */,
				01024EE418E4EABB00F2B416 /* Resources */,
			);
			buildRules = (
			);
			dependencies = (
				01024EEC18E4EABB00F2B416 /* PBXTargetDependency */,
			);
			name = konashiSensorShieldTests;
			productName = konashiSensorShieldTests;
			productReference = 01024EE618E4EABB00F2B416 /* konashiSensorShieldTests.xctest */;
			productType = "com.apple.product-type.bundle.unit-test";
		};
/* End PBXNativeTarget section */

/* Begin PBXProject section */
		01024EB718E4EABB00F2B416 /* Project object */ = {
			isa = PBXProject;
			attributes = {
				LastUpgradeCheck = 0510;
				ORGANIZATIONNAME = Macnica;
				TargetAttributes = {
					01024EE518E4EABB00F2B416 = {
						TestTargetID = 01024EBE18E4EABB00F2B416;
					};
				};
			};
			buildConfigurationList = 01024EBA18E4EABB00F2B416 /* Build configuration list for PBXProject "konashiSensorShield" */;
			compatibilityVersion = "Xcode 3.2";
			developmentRegion = English;
			hasScannedForEncodings = 0;
			knownRegions = (
				en,
				Base,
			);
			mainGroup = 01024EB618E4EABB00F2B416;
			productRefGroup = 01024EC018E4EABB00F2B416 /* Products */;
			projectDirPath = "";
			projectRoot = "";
			targets = (
				01024EBE18E4EABB00F2B416 /* konashiSensorShield */,
				01024EE518E4EABB00F2B416 /* konashiSensorShieldTests */,
			);
		};
/* End PBXProject section */

/* Begin PBXResourcesBuildPhase section */
		01024EBD18E4EABB00F2B416 /* Resources */ = {
			isa = PBXResourcesBuildPhase;
			buildActionMask = 2147483647;
			files = (
				01024EE118E4EABB00F2B416 /* Images.xcassets in Resources */,
				01024ECD18E4EABB00F2B416 /* InfoPlist.strings in Resources */,
				01024EDF18E4EABB00F2B416 /* Main.storyboard in Resources */,
			);
			runOnlyForDeploymentPostprocessing = 0;
		};
		01024EE418E4EABB00F2B416 /* Resources */ = {
			isa = PBXResourcesBuildPhase;
			buildActionMask = 2147483647;
			files = (
				01024EF218E4EABB00F2B416 /* InfoPlist.strings in Resources */,
			);
			runOnlyForDeploymentPostprocessing = 0;
		};
/* End PBXResourcesBuildPhase section */

/* Begin PBXSourcesBuildPhase section */
		01024EBB18E4EABB00F2B416 /* Sources */ = {
			isa = PBXSourcesBuildPhase;
			buildActionMask = 2147483647;
			files = (
				01024ED918E4EABB00F2B416 /* DataViewController.m in Sources */,
				01024ED318E4EABB00F2B416 /* AppDelegate.m in Sources */,
				01024EDC18E4EABB00F2B416 /* ModelController.m in Sources */,
				01024ECF18E4EABB00F2B416 /* main.m in Sources */,
				01024ED618E4EABB00F2B416 /* RootViewController.m in Sources */,
			);
			runOnlyForDeploymentPostprocessing = 0;
		};
		01024EE218E4EABB00F2B416 /* Sources */ = {
			isa = PBXSourcesBuildPhase;
			buildActionMask = 2147483647;
			files = (
				01024EF418E4EABB00F2B416 /* konashiSensorShieldTests.m in Sources */,
			);
			runOnlyForDeploymentPostprocessing = 0;
		};
/* End PBXSourcesBuildPhase section */

/* Begin PBXTargetDependency section */
		01024EEC18E4EABB00F2B416 /* PBXTargetDependency */ = {
			isa = PBXTargetDependency;
			target = 01024EBE18E4EABB00F2B416 /* konashiSensorShield */;
			targetProxy = 01024EEB18E4EABB00F2B416 /* PBXContainerItemProxy */;
		};
/* End PBXTargetDependency section */

/* Begin PBXVariantGroup section */
		01024ECB18E4EABB00F2B416 /* InfoPlist.strings */ = {
			isa = PBXVariantGroup;
			children = (
				01024ECC18E4EABB00F2B416 /* en */,
			);
			name = InfoPlist.strings;
			sourceTree = "<group>";
		};
		01024EDD18E4EABB00F2B416 /* Main.storyboard */ = {
			isa = PBXVariantGroup;
			children = (
				01024EDE18E4EABB00F2B416 /* Base */,
			);
			name = Main.storyboard;
			sourceTree = "<group>";
		};
		01024EF018E4EABB00F2B416 /* InfoPlist.strings */ = {
			isa = PBXVariantGroup;
			children = (
				01024EF118E4EABB00F2B416 /* en */,
			);
			name = InfoPlist.strings;
			sourceTree = "<group>";
		};
/* End PBXVariantGroup section */

/* Begin XCBuildConfiguration section */
		01024EF518E4EABB00F2B416 /* Debug */ = {
			isa = XCBuildConfiguration;
			buildSettings = {
				ALWAYS_SEARCH_USER_PATHS = NO;
				CLANG_CXX_LANGUAGE_STANDARD = "gnu++0x";
				CLANG_CXX_LIBRARY = "libc++";
				CLANG_ENABLE_MODULES = YES;
				CLANG_ENABLE_OBJC_ARC = YES;
				CLANG_WARN_BOOL_CONVERSION = YES;
				CLANG_WARN_CONSTANT_CONVERSION = YES;
				CLANG_WARN_DIRECT_OBJC_ISA_USAGE = YES_ERROR;
				CLANG_WARN_EMPTY_BODY = YES;
				CLANG_WARN_ENUM_CONVERSION = YES;
				CLANG_WARN_INT_CONVERSION = YES;
				CLANG_WARN_OBJC_ROOT_CLASS = YES_ERROR;
				CLANG_WARN__DUPLICATE_METHOD_MATCH = YES;
				"CODE_SIGN_IDENTITY[sdk=iphoneos*]" = "iPhone Developer";
				COPY_PHASE_STRIP = NO;
				GCC_C_LANGUAGE_STANDARD = gnu99;
				GCC_DYNAMIC_NO_PIC = NO;
				GCC_OPTIMIZATION_LEVEL = 0;
				GCC_PREPROCESSOR_DEFINITIONS = (
					"DEBUG=1",
					"$(inherited)",
				);
				GCC_SYMBOLS_PRIVATE_EXTERN = NO;
				GCC_WARN_64_TO_32_BIT_CONVERSION = YES;
				GCC_WARN_ABOUT_RETURN_TYPE = YES_ERROR;
				GCC_WARN_UNDECLARED_SELECTOR = YES;
				GCC_WARN_UNINITIALIZED_AUTOS = YES_AGGRESSIVE;
				GCC_WARN_UNUSED_FUNCTION = YES;
				GCC_WARN_UNUSED_VARIABLE = YES;
				IPHONEOS_DEPLOYMENT_TARGET = 7.1;
				ONLY_ACTIVE_ARCH = YES;
				SDKROOT = iphoneos;
			};
			name = Debug;
		};
		01024EF618E4EABB00F2B416 /* Release */ = {
			isa = XCBuildConfiguration;
			buildSettings = {
				ALWAYS_SEARCH_USER_PATHS = NO;
				CLANG_CXX_LANGUAGE_STANDARD = "gnu++0x";
				CLANG_CXX_LIBRARY = "libc++";
				CLANG_ENABLE_MODULES = YES;
				CLANG_ENABLE_OBJC_ARC = YES;
				CLANG_WARN_BOOL_CONVERSION = YES;
				CLANG_WARN_CONSTANT_CONVERSION = YES;
				CLANG_WARN_DIRECT_OBJC_ISA_USAGE = YES_ERROR;
				CLANG_WARN_EMPTY_BODY = YES;
				CLANG_WARN_ENUM_CONVERSION = YES;
				CLANG_WARN_INT_CONVERSION = YES;
				CLANG_WARN_OBJC_ROOT_CLASS = YES_ERROR;
				CLANG_WARN__DUPLICATE_METHOD_MATCH = YES;
				"CODE_SIGN_IDENTITY[sdk=iphoneos*]" = "iPhone Developer";
				COPY_PHASE_STRIP = YES;
				ENABLE_NS_ASSERTIONS = NO;
				GCC_C_LANGUAGE_STANDARD = gnu99;
				GCC_WARN_64_TO_32_BIT_CONVERSION = YES;
				GCC_WARN_ABOUT_RETURN_TYPE = YES_ERROR;
				GCC_WARN_UNDECLARED_SELECTOR = YES;
				GCC_WARN_UNINITIALIZED_AUTOS = YES_AGGRESSIVE;
				GCC_WARN_UNUSED_FUNCTION = YES;
				GCC_WARN_UNUSED_VARIABLE = YES;
				IPHONEOS_DEPLOYMENT_TARGET = 7.1;
				SDKROOT = iphoneos;
				VALIDATE_PRODUCT = YES;
			};
			name = Release;
		};
		01024EF818E4EABB00F2B416 /* Debug */ = {
			isa = XCBuildConfiguration;
			buildSettings = {
				ASSETCATALOG_COMPILER_APPICON_NAME = AppIcon;
				ASSETCATALOG_COMPILER_LAUNCHIMAGE_NAME = LaunchImage;
				GCC_PRECOMPILE_PREFIX_HEADER = YES;
				GCC_PREFIX_HEADER = "konashiSensorShield/konashiSensorShield-Prefix.pch";
				INFOPLIST_FILE = "konashiSensorShield/konashiSensorShield-Info.plist";
				PRODUCT_NAME = "$(TARGET_NAME)";
				WRAPPER_EXTENSION = app;
			};
			name = Debug;
		};
		01024EF918E4EABB00F2B416 /* Release */ = {
			isa = XCBuildConfiguration;
			buildSettings = {
				ASSETCATALOG_COMPILER_APPICON_NAME = AppIcon;
				ASSETCATALOG_COMPILER_LAUNCHIMAGE_NAME = LaunchImage;
				GCC_PRECOMPILE_PREFIX_HEADER = YES;
				GCC_PREFIX_HEADER = "konashiSensorShield/konashiSensorShield-Prefix.pch";
				INFOPLIST_FILE = "konashiSensorShield/konashiSensorShield-Info.plist";
				PRODUCT_NAME = "$(TARGET_NAME)";
				WRAPPER_EXTENSION = app;
			};
			name = Release;
		};
		01024EFB18E4EABB00F2B416 /* Debug */ = {
			isa = XCBuildConfiguration;
			buildSettings = {
				BUNDLE_LOADER = "$(BUILT_PRODUCTS_DIR)/konashiSensorShield.app/konashiSensorShield";
				FRAMEWORK_SEARCH_PATHS = (
					"$(SDKROOT)/Developer/Library/Frameworks",
					"$(inherited)",
					"$(DEVELOPER_FRAMEWORKS_DIR)",
				);
				GCC_PRECOMPILE_PREFIX_HEADER = YES;
				GCC_PREFIX_HEADER = "konashiSensorShield/konashiSensorShield-Prefix.pch";
				GCC_PREPROCESSOR_DEFINITIONS = (
					"DEBUG=1",
					"$(inherited)",
				);
				INFOPLIST_FILE = "konashiSensorShieldTests/konashiSensorShieldTests-Info.plist";
				PRODUCT_NAME = "$(TARGET_NAME)";
				TEST_HOST = "$(BUNDLE_LOADER)";
				WRAPPER_EXTENSION = xctest;
			};
			name = Debug;
		};
		01024EFC18E4EABB00F2B416 /* Release */ = {
			isa = XCBuildConfiguration;
			buildSettings = {
				BUNDLE_LOADER = "$(BUILT_PRODUCTS_DIR)/konashiSensorShield.app/konashiSensorShield";
				FRAMEWORK_SEARCH_PATHS = (
					"$(SDKROOT)/Developer/Library/Frameworks",
					"$(inherited)",
					"$(DEVELOPER_FRAMEWORKS_DIR)",
				);
				GCC_PRECOMPILE_PREFIX_HEADER = YES;
				GCC_PREFIX_HEADER = "konashiSensorShield/konashiSensorShield-Prefix.pch";
				INFOPLIST_FILE = "konashiSensorShieldTests/konashiSensorShieldTests-Info.plist";
				PRODUCT_NAME = "$(TARGET_NAME)";
				TEST_HOST = "$(BUNDLE_LOADER)";
				WRAPPER_EXTENSION = xctest;
			};
			name = Release;
		};
/* End XCBuildConfiguration section */

/* Begin XCConfigurationList section */
		01024EBA18E4EABB00F2B416 /* Build configuration list for PBXProject "konashiSensorShield" */ = {
			isa = XCConfigurationList;
			buildConfigurations = (
				01024EF518E4EABB00F2B416 /* Debug */,
				01024EF618E4EABB00F2B416 /* Release */,
			);
			defaultConfigurationIsVisible = 0;
			defaultConfigurationName = Release;
		};
		01024EF718E4EABB00F2B416 /* Build configuration list for PBXNativeTarget "konashiSensorShield" */ = {
			isa = XCConfigurationList;
			buildConfigurations = (
				01024EF818E4EABB00F2B416 /* Debug */,
				01024EF918E4EABB00F2B416 /* Release */,
			);
			defaultConfigurationIsVisible = 0;
		};
		01024EFA18E4EABB00F2B416 /* Build configuration list for PBXNativeTarget "konashiSensorShieldTests" */ = {
			isa = XCConfigurationList;
			buildConfigurations = (
				01024EFB18E4EABB00F2B416 /* Debug */,
				01024EFC18E4EABB00F2B416 /* Release */,
			);
			defaultConfigurationIsVisible = 0;
		};
/* End XCConfigurationList section */
	};
	rootObject = 01024EB718E4EABB00F2B416 /* Project object */;
}
